{
  "name": "bo2-recompiled-tools",
  "lockfileVersion": 3,
  "requires": true,
  "packages": {
    "": {
      "name": "bo2-recompiled-tools",
      "dependencies": {
        "xxhash-addon": "2.1.0"
      }
    },
    "node_modules/node-gyp-build": {
      "version": "4.8.4",
      "resolved": "https://registry.npmjs.org/node-gyp-build/-/node-gyp-build-4.8.4.tgz",
      "integrity": "sha512-LA4ZjwlnUblHVgq0oBF3Jl/6h/Nvs5fzBLwdEF4nuxnFdsfajde4WfxtJr3CaiH+F6ewcIB/q4jQ4UzPyid+CQ==",
      "license": "MIT",
      "bin": {
        "node-gyp-build": "bin.js",
        "node-gyp-build-optional": "optional.js",
        "node-gyp-build-test": "build-test.js"
      }
    },
    "node_modules/xxhash-addon": {
      "version": "2.1.0",
      "resolved": "https://registry.npmjs.org/xxhash-addon/-/xxhash-addon-2.1.0.tgz",
      "integrity": "sha512-y69Lhs6msXn4eLPZkDqSKff3OLHyOL7a5lhxbJ0NN4x6XYhVI+lKIXt7JxQqSHssEhUWLgAWIbUbT9X9KUTbcw==",
      "hasInstallScript": true,
      "license": "BSD-2-Clause",
      "dependencies": {
        "node-gyp-build": "^4.8.0"
      },
      "engines": {
        "node": ">=8.6.0 <9.0.0 || >=10.0.0"
      }
    }
  }
}
